<?xml version="1.0" encoding="UTF-8"?>
<CONFIG>
  <ProjectOptions>
    <Version Value="12"/>
    <PathDelim Value="\"/>
    <General>
      <SessionStorage Value="InProjectDir"/>
      <Title Value="prjExemploFormulario"/>
      <Scaled Value="True"/>
      <ResourceType Value="res"/>
      <UseXPManifest Value="True"/>
      <XPManifest>
        <DpiAware Value="True"/>
      </XPManifest>
      <Icon Value="0"/>
    </General>
    <BuildModes>
      <Item Name="Default" Default="True"/>
    </BuildModes>
    <PublishOptions>
      <Version Value="2"/>
      <UseFileFilters Value="True"/>
    </PublishOptions>
    <RunParams>
      <FormatVersion Value="2"/>
    </RunParams>
    <RequiredPackages>
      <Item>
        <PackageName Value="lazreport"/>
      </Item>
      <Item>
        <PackageName Value="zcomponent"/>
      </Item>
      <Item>
        <PackageName Value="FCL"/>
      </Item>
      <Item>
        <PackageName Value="LCL"/>
      </Item>
    </RequiredPackages>
    <Units>
      <Unit>
        <Filename Value="prjExemploFormulario.lpr"/>
        <IsPartOfProject Value="True"/>
      </Unit>
      <Unit>
        <Filename Value="ucadmodelo.pas"/>
        <IsPartOfProject Value="True"/>
        <ComponentName Value="CadModeloF"/>
        <HasResources Value="True"/>
        <ResourceBaseClass Value="Form"/>
        <UnitName Value="uCadModelo"/>
      </Unit>
      <Unit>
        <Filename Value="umainmenu.pas"/>
        <IsPartOfProject Value="True"/>
        <ComponentName Value="MenuPrincipalF"/>
        <HasResources Value="True"/>
        <ResourceBaseClass Value="Form"/>
        <UnitName Value="uMainMenu"/>
      </Unit>
      <Unit>
        <Filename Value="ucategoria.pas"/>
        <IsPartOfProject Value="True"/>
        <ComponentName Value="CategoriaF"/>
        <HasResources Value="True"/>
        <ResourceBaseClass Value="Form"/>
        <UnitName Value="uCategoria"/>
      </Unit>
      <Unit>
        <Filename Value="udatamodule.pas"/>
        <IsPartOfProject Value="True"/>
        <ComponentName Value="DataModuleF"/>
        <HasResources Value="True"/>
        <ResourceBaseClass Value="DataModule"/>
        <UnitName Value="uDataModule"/>
      </Unit>
      <Unit>
        <Filename Value="ucliente.pas"/>
        <IsPartOfProject Value="True"/>
        <ComponentName Value="ClienteF"/>
        <HasResources Value="True"/>
        <ResourceBaseClass Value="Form"/>
        <UnitName Value="uCliente"/>
      </Unit>
      <Unit>
        <Filename Value="uprodutos.pas"/>
        <IsPartOfProject Value="True"/>
        <ComponentName Value="ProdutosF"/>
        <HasResources Value="True"/>
        <ResourceBaseClass Value="Form"/>
        <UnitName Value="uProdutos"/>
      </Unit>
      <Unit>
        <Filename Value="uusuarios.pas"/>
        <IsPartOfProject Value="True"/>
        <ComponentName Value="UsuariosF"/>
        <HasResources Value="True"/>
        <ResourceBaseClass Value="Form"/>
        <UnitName Value="uUsuarios"/>
      </Unit>
      <Unit>
        <Filename Value="usobre.pas"/>
        <IsPartOfProject Value="True"/>
        <ComponentName Value="SobreF"/>
        <HasResources Value="True"/>
        <ResourceBaseClass Value="Form"/>
        <UnitName Value="uSobre"/>
      </Unit>
      <Unit>
        <Filename Value="uorcamento.pas"/>
        <IsPartOfProject Value="True"/>
        <ComponentName Value="OrcamentoF"/>
        <HasResources Value="True"/>
        <ResourceBaseClass Value="Form"/>
        <UnitName Value="uOrcamento"/>
      </Unit>
      <Unit>
        <Filename Value="upesquisarcliente.pas"/>
        <IsPartOfProject Value="True"/>
        <ComponentName Value="PesquisarClinteF"/>
        <HasResources Value="True"/>
        <ResourceBaseClass Value="Form"/>
        <UnitName Value="uPesquisarCliente"/>
      </Unit>
      <Unit>
        <Filename Value="uadicionaritem.pas"/>
        <IsPartOfProject Value="True"/>
        <ComponentName Value="AddItemF"/>
        <HasResources Value="True"/>
        <ResourceBaseClass Value="Form"/>
        <UnitName Value="uAdicionarItem"/>
      </Unit>
      <Unit>
        <Filename Value="upesquisarproduto.pas"/>
        <IsPartOfProject Value="True"/>
        <ComponentName Value="PesquisarProdutoF"/>
        <HasResources Value="True"/>
        <ResourceBaseClass Value="Form"/>
        <UnitName Value="uPesquisarProduto"/>
      </Unit>
      <Unit>
        <Filename Value="urelclientes.pas"/>
        <IsPartOfProject Value="True"/>
        <ComponentName Value="RelClienteF"/>
        <HasResources Value="True"/>
        <ResourceBaseClass Value="Form"/>
        <UnitName Value="uRelClientes"/>
      </Unit>
      <Unit>
        <Filename Value="urelproduto.pas"/>
        <IsPartOfProject Value="True"/>
        <ComponentName Value="RelProdutoF"/>
        <HasResources Value="True"/>
        <ResourceBaseClass Value="Form"/>
        <UnitName Value="uRelProduto"/>
      </Unit>
      <Unit>
        <Filename Value="urelusuarios.pas"/>
        <IsPartOfProject Value="True"/>
        <ComponentName Value="RelUsuarioF"/>
        <HasResources Value="True"/>
        <ResourceBaseClass Value="Form"/>
        <UnitName Value="uRelUsuarios"/>
      </Unit>
      <Unit>
        <Filename Value="ulogin.pas"/>
        <IsPartOfProject Value="True"/>
        <ComponentName Value="LoginF"/>
        <HasResources Value="True"/>
        <ResourceBaseClass Value="Form"/>
        <UnitName Value="uLogin"/>
      </Unit>
      <Unit>
        <Filename Value="ualterarsenha.pas"/>
        <IsPartOfProject Value="True"/>
        <ComponentName Value="AlterarSenhaF"/>
        <ResourceBaseClass Value="Form"/>
        <UnitName Value="uAlterarSenha"/>
      </Unit>
    </Units>
  </ProjectOptions>
  <CompilerOptions>
    <Version Value="11"/>
    <PathDelim Value="\"/>
    <Target>
      <Filename Value="prjExemploFormulario"/>
    </Target>
    <SearchPaths>
      <IncludeFiles Value="$(ProjOutDir)"/>
      <UnitOutputDirectory Value="lib\$(TargetCPU)-$(TargetOS)"/>
    </SearchPaths>
    <Linking>
      <Debugging>
        <DebugInfoType Value="dsDwarf2Set"/>
      </Debugging>
      <Options>
        <Win32>
          <GraphicApplication Value="True"/>
        </Win32>
      </Options>
    </Linking>
  </CompilerOptions>
  <Debugging>
    <Exceptions>
      <Item>
        <Name Value="EAbort"/>
      </Item>
      <Item>
        <Name Value="ECodetoolError"/>
      </Item>
      <Item>
        <Name Value="EFOpenError"/>
      </Item>
    </Exceptions>
  </Debugging>
</CONFIG>
